
Microsoft Visual Studio Solution File, Format Version 12.00
# Visual Studio Version 16
VisualStudioVersion = 16.0.29009.5
MinimumVisualStudioVersion = 10.0.40219.1
Project("{9A19103F-16F7-4668-BE54-9A1E7A4F7556}") = "DelegationExporter", "DelegationExporter\DelegationExporter.csproj", "{E05DB385-FDDB-46AE-977E-749A16E72348}"
EndProject
Project("{888888A0-9F3D-457C-B088-3A5042F75D52}") = "DelegationForm", "DelegationForm\DelegationForm.pyproj", "{9AB7AF10-563B-4757-B05F-9BA65AA60D86}"
EndProject
Project("{9A19103F-16F7-4668-BE54-9A1E7A4F7556}") = "DelegationExporterWeb", "DelegationExporterWeb\DelegationExporterWeb.csproj", "{831FB3D8-C279-43B2-8ED4-4C823BE5A621}"
EndProject
Project("{9A19103F-16F7-4668-BE54-9A1E7A4F7556}") = "DelegationExporterEntity", "DelegationExporterEntity\DelegationExporterEntity.csproj", "{8F3B7ED8-4325-4668-A39C-99B309EC68A4}"
EndProject
Project("{00D1A9C2-B5F0-4AF3-8072-F6C62B433612}") = "DelegationExporterDB", "DelegationExporterDB\DelegationExporterDB.sqlproj", "{75834CBF-FAC2-4602-B1B3-1196218FAAB8}"
EndProject
Global
	GlobalSection(SolutionConfigurationPlatforms) = preSolution
		Debug|Any CPU = Debug|Any CPU
		Release|Any CPU = Release|Any CPU
	EndGlobalSection
	GlobalSection(ProjectConfigurationPlatforms) = postSolution
		{E05DB385-FDDB-46AE-977E-749A16E72348}.Debug|Any CPU.ActiveCfg = Debug|Any CPU
		{E05DB385-FDDB-46AE-977E-749A16E72348}.Debug|Any CPU.Build.0 = Debug|Any CPU
		{E05DB385-FDDB-46AE-977E-749A16E72348}.Release|Any CPU.ActiveCfg = Release|Any CPU
		{E05DB385-FDDB-46AE-977E-749A16E72348}.Release|Any CPU.Build.0 = Release|Any CPU
		{9AB7AF10-563B-4757-B05F-9BA65AA60D86}.Debug|Any CPU.ActiveCfg = Debug|Any CPU
		{9AB7AF10-563B-4757-B05F-9BA65AA60D86}.Release|Any CPU.ActiveCfg = Release|Any CPU
		{831FB3D8-C279-43B2-8ED4-4C823BE5A621}.Debug|Any CPU.ActiveCfg = Debug|Any CPU
		{831FB3D8-C279-43B2-8ED4-4C823BE5A621}.Debug|Any CPU.Build.0 = Debug|Any CPU
		{831FB3D8-C279-43B2-8ED4-4C823BE5A621}.Release|Any CPU.ActiveCfg = Release|Any CPU
		{831FB3D8-C279-43B2-8ED4-4C823BE5A621}.Release|Any CPU.Build.0 = Release|Any CPU
		{8F3B7ED8-4325-4668-A39C-99B309EC68A4}.Debug|Any CPU.ActiveCfg = Debug|Any CPU
		{8F3B7ED8-4325-4668-A39C-99B309EC68A4}.Debug|Any CPU.Build.0 = Debug|Any CPU
		{8F3B7ED8-4325-4668-A39C-99B309EC68A4}.Release|Any CPU.ActiveCfg = Release|Any CPU
		{8F3B7ED8-4325-4668-A39C-99B309EC68A4}.Release|Any CPU.Build.0 = Release|Any CPU
		{75834CBF-FAC2-4602-B1B3-1196218FAAB8}.Debug|Any CPU.ActiveCfg = Debug|Any CPU
		{75834CBF-FAC2-4602-B1B3-1196218FAAB8}.Debug|Any CPU.Build.0 = Debug|Any CPU
		{75834CBF-FAC2-4602-B1B3-1196218FAAB8}.Debug|Any CPU.Deploy.0 = Debug|Any CPU
		{75834CBF-FAC2-4602-B1B3-1196218FAAB8}.Release|Any CPU.ActiveCfg = Release|Any CPU
		{75834CBF-FAC2-4602-B1B3-1196218FAAB8}.Release|Any CPU.Build.0 = Release|Any CPU
		{75834CBF-FAC2-4602-B1B3-1196218FAAB8}.Release|Any CPU.Deploy.0 = Release|Any CPU
	EndGlobalSection
	GlobalSection(SolutionProperties) = preSolution
		HideSolutionNode = FALSE
	EndGlobalSection
	GlobalSection(ExtensibilityGlobals) = postSolution
		SolutionGuid = {D726C23C-24DD-4B26-89A2-4BA8E1D477C1}
	EndGlobalSection
EndGlobal
