
Microsoft Visual Studio Solution File, Format Version 12.00
# Visual Studio Version 17
VisualStudioVersion = 17.0.31710.8
MinimumVisualStudioVersion = 10.0.40219.1
Project("{9A19103F-16F7-4668-BE54-9A1E7A4F7556}") = "DelegationConsoleTool", "DelegationConsoleTool\DelegationConsoleTool.csproj", "{32B1F488-CA3B-4AB6-9CD2-8F4B362880AD}"
EndProject
Project("{9A19103F-16F7-4668-BE54-9A1E7A4F7556}") = "Delegation.Service", "Delegation.Service\Delegation.Service.csproj", "{B15EE119-4A73-4AE7-A563-B9279A208FCF}"
EndProject
Project("{9A19103F-16F7-4668-BE54-9A1E7A4F7556}") = "Delegation.Blazor.Server", "Delegation.Blazor.Server\Delegation.Blazor.Server.csproj", "{8A984BD9-EA50-4920-A67F-2057E862DF2A}"
EndProject
Global
	GlobalSection(SolutionConfigurationPlatforms) = preSolution
		Debug|Any CPU = Debug|Any CPU
		Release|Any CPU = Release|Any CPU
	EndGlobalSection
	GlobalSection(ProjectConfigurationPlatforms) = postSolution
		{32B1F488-CA3B-4AB6-9CD2-8F4B362880AD}.Debug|Any CPU.ActiveCfg = Debug|Any CPU
		{32B1F488-CA3B-4AB6-9CD2-8F4B362880AD}.Debug|Any CPU.Build.0 = Debug|Any CPU
		{32B1F488-CA3B-4AB6-9CD2-8F4B362880AD}.Release|Any CPU.ActiveCfg = Release|Any CPU
		{32B1F488-CA3B-4AB6-9CD2-8F4B362880AD}.Release|Any CPU.Build.0 = Release|Any CPU
		{B15EE119-4A73-4AE7-A563-B9279A208FCF}.Debug|Any CPU.ActiveCfg = Debug|Any CPU
		{B15EE119-4A73-4AE7-A563-B9279A208FCF}.Debug|Any CPU.Build.0 = Debug|Any CPU
		{B15EE119-4A73-4AE7-A563-B9279A208FCF}.Release|Any CPU.ActiveCfg = Release|Any CPU
		{B15EE119-4A73-4AE7-A563-B9279A208FCF}.Release|Any CPU.Build.0 = Release|Any CPU
		{8A984BD9-EA50-4920-A67F-2057E862DF2A}.Debug|Any CPU.ActiveCfg = Debug|Any CPU
		{8A984BD9-EA50-4920-A67F-2057E862DF2A}.Debug|Any CPU.Build.0 = Debug|Any CPU
		{8A984BD9-EA50-4920-A67F-2057E862DF2A}.Release|Any CPU.ActiveCfg = Release|Any CPU
		{8A984BD9-EA50-4920-A67F-2057E862DF2A}.Release|Any CPU.Build.0 = Release|Any CPU
	EndGlobalSection
	GlobalSection(SolutionProperties) = preSolution
		HideSolutionNode = FALSE
	EndGlobalSection
	GlobalSection(ExtensibilityGlobals) = postSolution
		SolutionGuid = {D726C23C-24DD-4B26-89A2-4BA8E1D477C1}
	EndGlobalSection
EndGlobal
